// !$*UTF8*$!
{
	archiveVersion = 1;
	classes = {
	};
	objectVersion = 50;
	objects = {

/* Begin PBXBuildFile section */
		6ACE39D921F92FEA0073C4DA /* AppDelegate.swift in Sources */ = {isa = PBXBuildFile; fileRef = 6ACE39D821F92FEA0073C4DA /* AppDelegate.swift */; };
		6ACE39DB21F92FEA0073C4DA /* ViewController.swift in Sources */ = {isa = PBXBuildFile; fileRef = 6ACE39DA21F92FEA0073C4DA /* ViewController.swift */; };
		6ACE39DE21F92FEA0073C4DA /* Main.storyboard in Resources */ = {isa = PBXBuildFile; fileRef = 6ACE39DC21F92FEA0073C4DA /* Main.storyboard */; };
		6ACE39E021F92FEB0073C4DA /* Assets.xcassets in Resources */ = {isa = PBXBuildFile; fileRef = 6ACE39DF21F92FEB0073C4DA /* Assets.xcassets */; };
		6ACE39E321F92FEB0073C4DA /* LaunchScreen.storyboard in Resources */ = {isa = PBXBuildFile; fileRef = 6ACE39E121F92FEB0073C4DA /* LaunchScreen.storyboard */; };
/* End PBXBuildFile section */

/* Begin PBXFileReference section */
		6ACE39D521F92FEA0073C4DA /* Reese's Peanut Butter Cups.app */ = {isa = PBXFileReference; explicitFileType = wrapper.application; includeInIndex = 0; path = "Reese's Peanut Butter Cups.app"; sourceTree = BUILT_PRODUCTS_DIR; };
		6ACE39D821F92FEA0073C4DA /* AppDelegate.swift */ = {isa = PBXFileReference; lastKnownFileType = sourcecode.swift; path = AppDelegate.swift; sourceTree = "<group>"; };
		6ACE39DA21F92FEA0073C4DA /* ViewController.swift */ = {isa = PBXFileReference; lastKnownFileType = sourcecode.swift; path = ViewController.swift; sourceTree = "<group>"; };
		6ACE39DD21F92FEA0073C4DA /* Base */ = {isa = PBXFileReference; lastKnownFileType = file.storyboard; name = Base; path = Base.lproj/Main.storyboard; sourceTree = "<group>"; };
		6ACE39DF21F92FEB0073C4DA /* Assets.xcassets */ = {isa = PBXFileReference; lastKnownFileType = folder.assetcatalog; path = Assets.xcassets; sourceTree = "<group>"; };
		6ACE39E221F92FEB0073C4DA /* Base */ = {isa = PBXFileReference; lastKnownFileType = file.storyboard; name = Base; path = Base.lproj/LaunchScreen.storyboard; sourceTree = "<group>"; };
		6ACE39E421F92FEB0073C4DA /* Info.plist */ = {isa = PBXFileReference; lastKnownFileType = text.plist.xml; path = Info.plist; sourceTree = "<group>"; };
/* End PBXFileReference section */

/* Begin PBXFrameworksBuildPhase section */
		6ACE39D221F92FEA0073C4DA /* Frameworks */ = {
			isa = PBXFrameworksBuildPhase;
			buildActionMask = 2147483647;
			files = (
			);
			runOnlyForDeploymentPostprocessing = 0;
		};
/* End PBXFrameworksBuildPhase section */

/* Begin PBXGroup section */
		6ACE39CC21F92FEA0073C4DA = {
			isa = PBXGroup;
			children = (
				6ACE39D721F92FEA0073C4DA /* Reese's Peanut Butter Cups */,
				6ACE39D621F92FEA0073C4DA /* Products */,
			);
			sourceTree = "<group>";
		};
		6ACE39D621F92FEA0073C4DA /* Products */ = {
			isa = PBXGroup;
			children = (
				6ACE39D521F92FEA0073C4DA /* Reese's Peanut Butter Cups.app */,
			);
			name = Products;
			sourceTree = "<group>";
		};
		6ACE39D721F92FEA0073C4DA /* Reese's Peanut Butter Cups */ = {
			isa = PBXGroup;
			children = (
				6ACE39D821F92FEA0073C4DA /* AppDelegate.swift */,
				6ACE39DA21F92FEA0073C4DA /* ViewController.swift */,
				6ACE39DC21F92FEA0073C4DA /* Main.storyboard */,
				6ACE39DF21F92FEB0073C4DA /* Assets.xcassets */,
				6ACE39E121F92FEB0073C4DA /* LaunchScreen.storyboard */,
				6ACE39E421F92FEB0073C4DA /* Info.plist */,
			);
			path = "Reese's Peanut Butter Cups";
			sourceTree = "<group>";
		};
/* End PBXGroup section */

/* Begin PBXNativeTarget section */
		6ACE39D421F92FEA0073C4DA /* Reese's Peanut Butter Cups */ = {
			isa = PBXNativeTarget;
			buildConfigurationList = 6ACE39E721F92FEB0073C4DA /* Build configuration list for PBXNativeTarget "Reese's Peanut Butter Cups" */;
			buildPhases = (
				6ACE39D121F92FEA0073C4DA /* Sources */,
				6ACE39D221F92FEA0073C4DA /* Frameworks */,
				6ACE39D321F92FEA0073C4DA /* Resources */,
			);
			buildRules = (
			);
			dependencies = (
			);
			name = "Reese's Peanut Butter Cups";
			productName = "Reese's Peanut Butter Cups";
			productReference = 6ACE39D521F92FEA0073C4DA /* Reese's Peanut Butter Cups.app */;
			productType = "com.apple.product-type.application";
		};
/* End PBXNativeTarget section */

/* Begin PBXProject section */
		6ACE39CD21F92FEA0073C4DA /* Project object */ = {
			isa = PBXProject;
			attributes = {
				LastSwiftUpdateCheck = 1010;
				LastUpgradeCheck = 1010;
				ORGANIZATIONNAME = Hiroki;
				TargetAttributes = {
					6ACE39D421F92FEA0073C4DA = {
						CreatedOnToolsVersion = 10.1;
					};
				};
			};
			buildConfigurationList = 6ACE39D021F92FEA0073C4DA /* Build configuration list for PBXProject "Reese's Peanut Butter Cups" */;
			compatibilityVersion = "Xcode 9.3";
			developmentRegion = en;
			hasScannedForEncodings = 0;
			knownRegions = (
				en,
				Base,
			);
			mainGroup = 6ACE39CC21F92FEA0073C4DA;
			productRefGroup = 6ACE39D621F92FEA0073C4DA /* Products */;
			projectDirPath = "";
			projectRoot = "";
			targets = (
				6ACE39D421F92FEA0073C4DA /* Reese's Peanut Butter Cups */,
			);
		};
/* End PBXProject section */

/* Begin PBXResourcesBuildPhase section */
		6ACE39D321F92FEA0073C4DA /* Resources */ = {
			isa = PBXResourcesBuildPhase;
			buildActionMask = 2147483647;
			files = (
				6ACE39E321F92FEB0073C4DA /* LaunchScreen.storyboard in Resources */,
				6ACE39E021F92FEB0073C4DA /* Assets.xcassets in Resources */,
				6ACE39DE21F92FEA0073C4DA /* Main.storyboard in Resources */,
			);
			runOnlyForDeploymentPostprocessing = 0;
		};
/* End PBXResourcesBuildPhase section */

/* Begin PBXSourcesBuildPhase section */
		6ACE39D121F92FEA0073C4DA /* Sources */ = {
			isa = PBXSourcesBuildPhase;
			buildActionMask = 2147483647;
			files = (
				6ACE39DB21F92FEA0073C4DA /* ViewController.swift in Sources */,
				6ACE39D921F92FEA0073C4DA /* AppDelegate.swift in Sources */,
			);
			runOnlyForDeploymentPostprocessing = 0;
		};
/* End PBXSourcesBuildPhase section */

/* Begin PBXVariantGroup section */
		6ACE39DC21F92FEA0073C4DA /* Main.storyboard */ = {
			isa = PBXVariantGroup;
			children = (
				6ACE39DD21F92FEA0073C4DA /* Base */,
			);
			name = Main.storyboard;
			sourceTree = "<group>";
		};
		6ACE39E121F92FEB0073C4DA /* LaunchScreen.storyboard */ = {
			isa = PBXVariantGroup;
			children = (
				6ACE39E221F92FEB0073C4DA /* Base */,
			);
			name = LaunchScreen.storyboard;
			sourceTree = "<group>";
		};
/* End PBXVariantGroup section */

/* Begin XCBuildConfiguration section */
		6ACE39E521F92FEB0073C4DA /* Debug */ = {
			isa = XCBuildConfiguration;
			buildSettings = {
				ALWAYS_SEARCH_USER_PATHS = NO;
				CLANG_ANALYZER_NONNULL = YES;
				CLANG_ANALYZER_NUMBER_OBJECT_CONVERSION = YES_AGGRESSIVE;
				CLANG_CXX_LANGUAGE_STANDARD = "gnu++14";
				CLANG_CXX_LIBRARY = "libc++";
				CLANG_ENABLE_MODULES = YES;
				CLANG_ENABLE_OBJC_ARC = YES;
				CLANG_ENABLE_OBJC_WEAK = YES;
				CLANG_WARN_BLOCK_CAPTURE_AUTORELEASING = YES;
				CLANG_WARN_BOOL_CONVERSION = YES;
				CLANG_WARN_COMMA = YES;
				CLANG_WARN_CONSTANT_CONVERSION = YES;
				CLANG_WARN_DEPRECATED_OBJC_IMPLEMENTATIONS = YES;
				CLANG_WARN_DIRECT_OBJC_ISA_USAGE = YES_ERROR;
				CLANG_WARN_DOCUMENTATION_COMMENTS = YES;
				CLANG_WARN_EMPTY_BODY = YES;
				CLANG_WARN_ENUM_CONVERSION = YES;
				CLANG_WARN_INFINITE_RECURSION = YES;
				CLANG_WARN_INT_CONVERSION = YES;
				CLANG_WARN_NON_LITERAL_NULL_CONVERSION = YES;
				CLANG_WARN_OBJC_IMPLICIT_RETAIN_SELF = YES;
				CLANG_WARN_OBJC_LITERAL_CONVERSION = YES;
				CLANG_WARN_OBJC_ROOT_CLASS = YES_ERROR;
				CLANG_WARN_RANGE_LOOP_ANALYSIS = YES;
				CLANG_WARN_STRICT_PROTOTYPES = YES;
				CLANG_WARN_SUSPICIOUS_MOVE = YES;
				CLANG_WARN_UNGUARDED_AVAILABILITY = YES_AGGRESSIVE;
				CLANG_WARN_UNREACHABLE_CODE = YES;
				CLANG_WARN__DUPLICATE_METHOD_MATCH = YES;
				CODE_SIGN_IDENTITY = "iPhone Developer";
				COPY_PHASE_STRIP = NO;
				DEBUG_INFORMATION_FORMAT = dwarf;
				ENABLE_STRICT_OBJC_MSGSEND = YES;
				ENABLE_TESTABILITY = YES;
				GCC_C_LANGUAGE_STANDARD = gnu11;
				GCC_DYNAMIC_NO_PIC = NO;
				GCC_NO_COMMON_BLOCKS = YES;
				GCC_OPTIMIZATION_LEVEL = 0;
				GCC_PREPROCESSOR_DEFINITIONS = (
					"DEBUG=1",
					"$(inherited)",
				);
				GCC_WARN_64_TO_32_BIT_CONVERSION = YES;
				GCC_WARN_ABOUT_RETURN_TYPE = YES_ERROR;
				GCC_WARN_UNDECLARED_SELECTOR = YES;
				GCC_WARN_UNINITIALIZED_AUTOS = YES_AGGRESSIVE;
				GCC_WARN_UNUSED_FUNCTION = YES;
				GCC_WARN_UNUSED_VARIABLE = YES;
				IPHONEOS_DEPLOYMENT_TARGET = 12.1;
				MTL_ENABLE_DEBUG_INFO = INCLUDE_SOURCE;
				MTL_FAST_MATH = YES;
				ONLY_ACTIVE_ARCH = YES;
				SDKROOT = iphoneos;
				SWIFT_ACTIVE_COMPILATION_CONDITIONS = DEBUG;
				SWIFT_OPTIMIZATION_LEVEL = "-Onone";
			};
			name = Debug;
		};
		6ACE39E621F92FEB0073C4DA /* Release */ = {
			isa = XCBuildConfiguration;
			buildSettings = {
				ALWAYS_SEARCH_USER_PATHS = NO;
				CLANG_ANALYZER_NONNULL = YES;
				CLANG_ANALYZER_NUMBER_OBJECT_CONVERSION = YES_AGGRESSIVE;
				CLANG_CXX_LANGUAGE_STANDARD = "gnu++14";
				CLANG_CXX_LIBRARY = "libc++";
				CLANG_ENABLE_MODULES = YES;
				CLANG_ENABLE_OBJC_ARC = YES;
				CLANG_ENABLE_OBJC_WEAK = YES;
				CLANG_WARN_BLOCK_CAPTURE_AUTORELEASING = YES;
				CLANG_WARN_BOOL_CONVERSION = YES;
				CLANG_WARN_COMMA = YES;
				CLANG_WARN_CONSTANT_CONVERSION = YES;
				CLANG_WARN_DEPRECATED_OBJC_IMPLEMENTATIONS = YES;
				CLANG_WARN_DIRECT_OBJC_ISA_USAGE = YES_ERROR;
				CLANG_WARN_DOCUMENTATION_COMMENTS = YES;
				CLANG_WARN_EMPTY_BODY = YES;
				CLANG_WARN_ENUM_CONVERSION = YES;
				CLANG_WARN_INFINITE_RECURSION = YES;
				CLANG_WARN_INT_CONVERSION = YES;
				CLANG_WARN_NON_LITERAL_NULL_CONVERSION = YES;
				CLANG_WARN_OBJC_IMPLICIT_RETAIN_SELF = YES;
				CLANG_WARN_OBJC_LITERAL_CONVERSION = YES;
				CLANG_WARN_OBJC_ROOT_CLASS = YES_ERROR;
				CLANG_WARN_RANGE_LOOP_ANALYSIS = YES;
				CLANG_WARN_STRICT_PROTOTYPES = YES;
				CLANG_WARN_SUSPICIOUS_MOVE = YES;
				CLANG_WARN_UNGUARDED_AVAILABILITY = YES_AGGRESSIVE;
				CLANG_WARN_UNREACHABLE_CODE = YES;
				CLANG_WARN__DUPLICATE_METHOD_MATCH = YES;
				CODE_SIGN_IDENTITY = "iPhone Developer";
				COPY_PHASE_STRIP = NO;
				DEBUG_INFORMATION_FORMAT = "dwarf-with-dsym";
				ENABLE_NS_ASSERTIONS = NO;
				ENABLE_STRICT_OBJC_MSGSEND = YES;
				GCC_C_LANGUAGE_STANDARD = gnu11;
				GCC_NO_COMMON_BLOCKS = YES;
				GCC_WARN_64_TO_32_BIT_CONVERSION = YES;
				GCC_WARN_ABOUT_RETURN_TYPE = YES_ERROR;
				GCC_WARN_UNDECLARED_SELECTOR = YES;
				GCC_WARN_UNINITIALIZED_AUTOS = YES_AGGRESSIVE;
				GCC_WARN_UNUSED_FUNCTION = YES;
				GCC_WARN_UNUSED_VARIABLE = YES;
				IPHONEOS_DEPLOYMENT_TARGET = 12.1;
				MTL_ENABLE_DEBUG_INFO = NO;
				MTL_FAST_MATH = YES;
				SDKROOT = iphoneos;
				SWIFT_COMPILATION_MODE = wholemodule;
				SWIFT_OPTIMIZATION_LEVEL = "-O";
				VALIDATE_PRODUCT = YES;
			};
			name = Release;
		};
		6ACE39E821F92FEB0073C4DA /* Debug */ = {
			isa = XCBuildConfiguration;
			buildSettings = {
				ASSETCATALOG_COMPILER_APPICON_NAME = AppIcon;
				CODE_SIGN_STYLE = Automatic;
				DEVELOPMENT_TEAM = 26KBGZASYT;
				INFOPLIST_FILE = "Reese's Peanut Butter Cups/Info.plist";
				LD_RUNPATH_SEARCH_PATHS = (
					"$(inherited)",
					"@executable_path/Frameworks",
				);
				PRODUCT_BUNDLE_IDENTIFIER = "com.Hiroki.Reese-s-Peanut-Butter-Cups";
				PRODUCT_NAME = "$(TARGET_NAME)";
				SWIFT_VERSION = 4.2;
				TARGETED_DEVICE_FAMILY = "1,2";
			};
			name = Debug;
		};
		6ACE39E921F92FEB0073C4DA /* Release */ = {
			isa = XCBuildConfiguration;
			buildSettings = {
				ASSETCATALOG_COMPILER_APPICON_NAME = AppIcon;
				CODE_SIGN_STYLE = Automatic;
				DEVELOPMENT_TEAM = 26KBGZASYT;
				INFOPLIST_FILE = "Reese's Peanut Butter Cups/Info.plist";
				LD_RUNPATH_SEARCH_PATHS = (
					"$(inherited)",
					"@executable_path/Frameworks",
				);
				PRODUCT_BUNDLE_IDENTIFIER = "com.Hiroki.Reese-s-Peanut-Butter-Cups";
				PRODUCT_NAME = "$(TARGET_NAME)";
				SWIFT_VERSION = 4.2;
				TARGETED_DEVICE_FAMILY = "1,2";
			};
			name = Release;
		};
/* End XCBuildConfiguration section */

/* Begin XCConfigurationList section */
		6ACE39D021F92FEA0073C4DA /* Build configuration list for PBXProject "Reese's Peanut Butter Cups" */ = {
			isa = XCConfigurationList;
			buildConfigurations = (
				6ACE39E521F92FEB0073C4DA /* Debug */,
				6ACE39E621F92FEB0073C4DA /* Release */,
			);
			defaultConfigurationIsVisible = 0;
			defaultConfigurationName = Release;
		};
		6ACE39E721F92FEB0073C4DA /* Build configuration list for PBXNativeTarget "Reese's Peanut Butter Cups" */ = {
			isa = XCConfigurationList;
			buildConfigurations = (
				6ACE39E821F92FEB0073C4DA /* Debug */,
				6ACE39E921F92FEB0073C4DA /* Release */,
			);
			defaultConfigurationIsVisible = 0;
			defaultConfigurationName = Release;
		};
/* End XCConfigurationList section */
	};
	rootObject = 6ACE39CD21F92FEA0073C4DA /* Project object */;
}
